
Microsoft Visual Studio Solution File, Format Version 12.00
# Visual Studio Version 16
VisualStudioVersion = 16.0.31702.278
MinimumVisualStudioVersion = 10.0.40219.1
Project("{FAE04EC0-301F-11D3-BF4B-00C04F79EFBC}") = "dotnet-iot-fastiot-test", "dotnet-iot-fastiot-test.csproj", "{3ED4301F-D588-43C8-A27B-3A90C49BEB1F}"
EndProject
Global
	GlobalSection(SolutionConfigurationPlatforms) = preSolution
		Debug|Any CPU = Debug|Any CPU
		Release|Any CPU = Release|Any CPU
	EndGlobalSection
	GlobalSection(ProjectConfigurationPlatforms) = postSolution
		{3ED4301F-D588-43C8-A27B-3A90C49BEB1F}.Debug|Any CPU.ActiveCfg = Debug|Any CPU
		{3ED4301F-D588-43C8-A27B-3A90C49BEB1F}.Debug|Any CPU.Build.0 = Debug|Any CPU
		{3ED4301F-D588-43C8-A27B-3A90C49BEB1F}.Release|Any CPU.ActiveCfg = Release|Any CPU
		{3ED4301F-D588-43C8-A27B-3A90C49BEB1F}.Release|Any CPU.Build.0 = Release|Any CPU
	EndGlobalSection
	GlobalSection(SolutionProperties) = preSolution
		HideSolutionNode = FALSE
	EndGlobalSection
	GlobalSection(ExtensibilityGlobals) = postSolution
		SolutionGuid = {1EA079B1-D0BA-42B5-95AE-CE2DAA8EF318}
	EndGlobalSection
EndGlobal
